
Microsoft Visual Studio Solution File, Format Version 12.00
# Visual Studio Version 17
VisualStudioVersion = 17.7.34202.233
MinimumVisualStudioVersion = 10.0.40219.1
Project("{FAE04EC0-301F-11D3-BF4B-00C04F79EFBC}") = "MessagesManager", "MessagesManager.csproj", "{F6AF5BC9-00B1-40AF-B191-2059E3FC3CD3}"
EndProject
Project("{FAE04EC0-301F-11D3-BF4B-00C04F79EFBC}") = "Core", "..\Core\Core.csproj", "{33391000-5094-40A1-8637-EF6770801771}"
EndProject
Project("{FAE04EC0-301F-11D3-BF4B-00C04F79EFBC}") = "Services", "..\Services\Services.csproj", "{1A34F288-216A-42C9-9E41-C2930FC77CE7}"
EndProject
Project("{2150E333-8FDC-42A3-9474-1A3956D46DE8}") = "Tests", "Tests", "{4AA46E4E-AC2F-4CEA-87C2-E41BC763CDF0}"
EndProject
Project("{FAE04EC0-301F-11D3-BF4B-00C04F79EFBC}") = "Services.UnitTests", "..\Services.UnitTests\Services.UnitTests.csproj", "{32456BBE-5B26-4AD4-9AF8-79E5A0D2DBB6}"
EndProject
Project("{FAE04EC0-301F-11D3-BF4B-00C04F79EFBC}") = "MessagesManager.UnitTests", "..\MessagesManager.UnitTests\MessagesManager.UnitTests.csproj", "{D95879EF-A294-4FB5-BE5F-13F25F43B7AF}"
EndProject
Project("{2150E333-8FDC-42A3-9474-1A3956D46DE8}") = "Solution Items", "Solution Items", "{28532F92-11E5-48E3-A491-63FFF4B3C096}"
	ProjectSection(SolutionItems) = preProject
		..\.gitignore = ..\.gitignore
	EndProjectSection
EndProject
Global
	GlobalSection(SolutionConfigurationPlatforms) = preSolution
		Debug|Any CPU = Debug|Any CPU
		Release|Any CPU = Release|Any CPU
	EndGlobalSection
	GlobalSection(ProjectConfigurationPlatforms) = postSolution
		{F6AF5BC9-00B1-40AF-B191-2059E3FC3CD3}.Debug|Any CPU.ActiveCfg = Debug|Any CPU
		{F6AF5BC9-00B1-40AF-B191-2059E3FC3CD3}.Debug|Any CPU.Build.0 = Debug|Any CPU
		{F6AF5BC9-00B1-40AF-B191-2059E3FC3CD3}.Release|Any CPU.ActiveCfg = Release|Any CPU
		{F6AF5BC9-00B1-40AF-B191-2059E3FC3CD3}.Release|Any CPU.Build.0 = Release|Any CPU
		{33391000-5094-40A1-8637-EF6770801771}.Debug|Any CPU.ActiveCfg = Debug|Any CPU
		{33391000-5094-40A1-8637-EF6770801771}.Debug|Any CPU.Build.0 = Debug|Any CPU
		{33391000-5094-40A1-8637-EF6770801771}.Release|Any CPU.ActiveCfg = Release|Any CPU
		{33391000-5094-40A1-8637-EF6770801771}.Release|Any CPU.Build.0 = Release|Any CPU
		{1A34F288-216A-42C9-9E41-C2930FC77CE7}.Debug|Any CPU.ActiveCfg = Debug|Any CPU
		{1A34F288-216A-42C9-9E41-C2930FC77CE7}.Debug|Any CPU.Build.0 = Debug|Any CPU
		{1A34F288-216A-42C9-9E41-C2930FC77CE7}.Release|Any CPU.ActiveCfg = Release|Any CPU
		{1A34F288-216A-42C9-9E41-C2930FC77CE7}.Release|Any CPU.Build.0 = Release|Any CPU
		{32456BBE-5B26-4AD4-9AF8-79E5A0D2DBB6}.Debug|Any CPU.ActiveCfg = Debug|Any CPU
		{32456BBE-5B26-4AD4-9AF8-79E5A0D2DBB6}.Debug|Any CPU.Build.0 = Debug|Any CPU
		{32456BBE-5B26-4AD4-9AF8-79E5A0D2DBB6}.Release|Any CPU.ActiveCfg = Release|Any CPU
		{32456BBE-5B26-4AD4-9AF8-79E5A0D2DBB6}.Release|Any CPU.Build.0 = Release|Any CPU
		{D95879EF-A294-4FB5-BE5F-13F25F43B7AF}.Debug|Any CPU.ActiveCfg = Debug|Any CPU
		{D95879EF-A294-4FB5-BE5F-13F25F43B7AF}.Debug|Any CPU.Build.0 = Debug|Any CPU
		{D95879EF-A294-4FB5-BE5F-13F25F43B7AF}.Release|Any CPU.ActiveCfg = Release|Any CPU
		{D95879EF-A294-4FB5-BE5F-13F25F43B7AF}.Release|Any CPU.Build.0 = Release|Any CPU
	EndGlobalSection
	GlobalSection(SolutionProperties) = preSolution
		HideSolutionNode = FALSE
	EndGlobalSection
	GlobalSection(NestedProjects) = preSolution
		{32456BBE-5B26-4AD4-9AF8-79E5A0D2DBB6} = {4AA46E4E-AC2F-4CEA-87C2-E41BC763CDF0}
		{D95879EF-A294-4FB5-BE5F-13F25F43B7AF} = {4AA46E4E-AC2F-4CEA-87C2-E41BC763CDF0}
	EndGlobalSection
	GlobalSection(ExtensibilityGlobals) = postSolution
		SolutionGuid = {6A16A684-F7EB-4D41-9314-23FDF70FAF47}
	EndGlobalSection
EndGlobal
